
Microsoft Visual Studio Solution File, Format Version 12.00
# Visual Studio Version 16
VisualStudioVersion = 16.0.30225.117
MinimumVisualStudioVersion = 10.0.40219.1
Project("{9A19103F-16F7-4668-BE54-9A1E7A4F7556}") = "Conlection", "Conlection\Conlection.csproj", "{1DC2088C-5F27-48F4-9DD7-2B6FCF0D0FC7}"
EndProject
Project("{FAE04EC0-301F-11D3-BF4B-00C04F79EFBC}") = "Array and Method", "Array and Method\Array and Method.csproj", "{E1423F89-ECB9-44CA-8A0C-DEED56A98D9B}"
EndProject
Global
	GlobalSection(SolutionConfigurationPlatforms) = preSolution
		Debug|Any CPU = Debug|Any CPU
		Release|Any CPU = Release|Any CPU
	EndGlobalSection
	GlobalSection(ProjectConfigurationPlatforms) = postSolution
		{1DC2088C-5F27-48F4-9DD7-2B6FCF0D0FC7}.Debug|Any CPU.ActiveCfg = Debug|Any CPU
		{1DC2088C-5F27-48F4-9DD7-2B6FCF0D0FC7}.Debug|Any CPU.Build.0 = Debug|Any CPU
		{1DC2088C-5F27-48F4-9DD7-2B6FCF0D0FC7}.Release|Any CPU.ActiveCfg = Release|Any CPU
		{1DC2088C-5F27-48F4-9DD7-2B6FCF0D0FC7}.Release|Any CPU.Build.0 = Release|Any CPU
		{E1423F89-ECB9-44CA-8A0C-DEED56A98D9B}.Debug|Any CPU.ActiveCfg = Debug|Any CPU
		{E1423F89-ECB9-44CA-8A0C-DEED56A98D9B}.Debug|Any CPU.Build.0 = Debug|Any CPU
		{E1423F89-ECB9-44CA-8A0C-DEED56A98D9B}.Release|Any CPU.ActiveCfg = Release|Any CPU
		{E1423F89-ECB9-44CA-8A0C-DEED56A98D9B}.Release|Any CPU.Build.0 = Release|Any CPU
	EndGlobalSection
	GlobalSection(SolutionProperties) = preSolution
		HideSolutionNode = FALSE
	EndGlobalSection
	GlobalSection(ExtensibilityGlobals) = postSolution
		SolutionGuid = {1E82EDC5-C28B-4297-AB5D-5BA064122B65}
	EndGlobalSection
EndGlobal
